
Microsoft Visual Studio Solution File, Format Version 12.00
# Visual Studio Version 17
VisualStudioVersion = 17.14.36623.8 d17.14
MinimumVisualStudioVersion = 10.0.40219.1
Project("{FAE04EC0-301F-11D3-BF4B-00C04F79EFBC}") = "QuanLyCuaHangBanQuanAo", "QuanLyCuaHangBanQuanAo\QuanLyCuaHangBanQuanAo.csproj", "{EB72322E-5723-4CEE-878F-2C4B05F94973}"
EndProject
Global
	GlobalSection(SolutionConfigurationPlatforms) = preSolution
		Debug|Any CPU = Debug|Any CPU
		Release|Any CPU = Release|Any CPU
	EndGlobalSection
	GlobalSection(ProjectConfigurationPlatforms) = postSolution
		{EB72322E-5723-4CEE-878F-2C4B05F94973}.Debug|Any CPU.ActiveCfg = Debug|Any CPU
		{EB72322E-5723-4CEE-878F-2C4B05F94973}.Debug|Any CPU.Build.0 = Debug|Any CPU
		{EB72322E-5723-4CEE-878F-2C4B05F94973}.Release|Any CPU.ActiveCfg = Release|Any CPU
		{EB72322E-5723-4CEE-878F-2C4B05F94973}.Release|Any CPU.Build.0 = Release|Any CPU
	EndGlobalSection
	GlobalSection(SolutionProperties) = preSolution
		HideSolutionNode = FALSE
	EndGlobalSection
	GlobalSection(ExtensibilityGlobals) = postSolution
		SolutionGuid = {6AB40816-2FD6-4EF2-94BA-7ED988CBD719}
	EndGlobalSection
EndGlobal
